
Microsoft Visual Studio Solution File, Format Version 12.00
# Visual Studio Version 16
VisualStudioVersion = 16.0.30114.105
MinimumVisualStudioVersion = 10.0.40219.1
Project("{FAE04EC0-301F-11D3-BF4B-00C04F79EFBC}") = "API", "API\API.csproj", "{65050EED-3E83-4D73-AA80-DA4D0C3AA0E0}"
EndProject
Project("{FAE04EC0-301F-11D3-BF4B-00C04F79EFBC}") = "Application", "application\Application.csproj", "{76572CFA-C0F4-4793-A5D4-7FD260457526}"
EndProject
Project("{FAE04EC0-301F-11D3-BF4B-00C04F79EFBC}") = "Persistence", "persistence\Persistence.csproj", "{F7E17173-F89E-4EB2-A387-BFDAE5941D06}"
EndProject
Project("{FAE04EC0-301F-11D3-BF4B-00C04F79EFBC}") = "Domain", "Domain\Domain.csproj", "{7081F758-9290-4219-B9B6-A96B8F32A46E}"
EndProject
Global
	GlobalSection(SolutionConfigurationPlatforms) = preSolution
		Debug|Any CPU = Debug|Any CPU
		Release|Any CPU = Release|Any CPU
	EndGlobalSection
	GlobalSection(SolutionProperties) = preSolution
		HideSolutionNode = FALSE
	EndGlobalSection
	GlobalSection(ProjectConfigurationPlatforms) = postSolution
		{65050EED-3E83-4D73-AA80-DA4D0C3AA0E0}.Debug|Any CPU.ActiveCfg = Debug|Any CPU
		{65050EED-3E83-4D73-AA80-DA4D0C3AA0E0}.Debug|Any CPU.Build.0 = Debug|Any CPU
		{65050EED-3E83-4D73-AA80-DA4D0C3AA0E0}.Release|Any CPU.ActiveCfg = Release|Any CPU
		{65050EED-3E83-4D73-AA80-DA4D0C3AA0E0}.Release|Any CPU.Build.0 = Release|Any CPU
		{76572CFA-C0F4-4793-A5D4-7FD260457526}.Debug|Any CPU.ActiveCfg = Debug|Any CPU
		{76572CFA-C0F4-4793-A5D4-7FD260457526}.Debug|Any CPU.Build.0 = Debug|Any CPU
		{76572CFA-C0F4-4793-A5D4-7FD260457526}.Release|Any CPU.ActiveCfg = Release|Any CPU
		{76572CFA-C0F4-4793-A5D4-7FD260457526}.Release|Any CPU.Build.0 = Release|Any CPU
		{F7E17173-F89E-4EB2-A387-BFDAE5941D06}.Debug|Any CPU.ActiveCfg = Debug|Any CPU
		{F7E17173-F89E-4EB2-A387-BFDAE5941D06}.Debug|Any CPU.Build.0 = Debug|Any CPU
		{F7E17173-F89E-4EB2-A387-BFDAE5941D06}.Release|Any CPU.ActiveCfg = Release|Any CPU
		{F7E17173-F89E-4EB2-A387-BFDAE5941D06}.Release|Any CPU.Build.0 = Release|Any CPU
		{7081F758-9290-4219-B9B6-A96B8F32A46E}.Debug|Any CPU.ActiveCfg = Debug|Any CPU
		{7081F758-9290-4219-B9B6-A96B8F32A46E}.Debug|Any CPU.Build.0 = Debug|Any CPU
		{7081F758-9290-4219-B9B6-A96B8F32A46E}.Release|Any CPU.ActiveCfg = Release|Any CPU
		{7081F758-9290-4219-B9B6-A96B8F32A46E}.Release|Any CPU.Build.0 = Release|Any CPU
	EndGlobalSection
EndGlobal
